
Microsoft Visual Studio Solution File, Format Version 12.00
# Visual Studio Version 16
VisualStudioVersion = 16.0.30503.244
MinimumVisualStudioVersion = 10.0.40219.1
Project("{FAE04EC0-301F-11D3-BF4B-00C04F79EFBC}") = "Polygon", "Polygon\Polygon.csproj", "{2E77E8BA-9FC1-4664-AAE2-26456F3FD5A9}"
EndProject
Project("{FAE04EC0-301F-11D3-BF4B-00C04F79EFBC}") = "Polygon.Library", "Polygon.Library\Polygon.Library.csproj", "{6916D555-2E8E-41C6-9850-DCD248455A98}"
EndProject
Global
	GlobalSection(SolutionConfigurationPlatforms) = preSolution
		Debug|Any CPU = Debug|Any CPU
		Release|Any CPU = Release|Any CPU
	EndGlobalSection
	GlobalSection(ProjectConfigurationPlatforms) = postSolution
		{2E77E8BA-9FC1-4664-AAE2-26456F3FD5A9}.Debug|Any CPU.ActiveCfg = Debug|Any CPU
		{2E77E8BA-9FC1-4664-AAE2-26456F3FD5A9}.Debug|Any CPU.Build.0 = Debug|Any CPU
		{2E77E8BA-9FC1-4664-AAE2-26456F3FD5A9}.Release|Any CPU.ActiveCfg = Release|Any CPU
		{2E77E8BA-9FC1-4664-AAE2-26456F3FD5A9}.Release|Any CPU.Build.0 = Release|Any CPU
		{6916D555-2E8E-41C6-9850-DCD248455A98}.Debug|Any CPU.ActiveCfg = Debug|Any CPU
		{6916D555-2E8E-41C6-9850-DCD248455A98}.Debug|Any CPU.Build.0 = Debug|Any CPU
		{6916D555-2E8E-41C6-9850-DCD248455A98}.Release|Any CPU.ActiveCfg = Release|Any CPU
		{6916D555-2E8E-41C6-9850-DCD248455A98}.Release|Any CPU.Build.0 = Release|Any CPU
	EndGlobalSection
	GlobalSection(SolutionProperties) = preSolution
		HideSolutionNode = FALSE
	EndGlobalSection
	GlobalSection(ExtensibilityGlobals) = postSolution
		SolutionGuid = {0722784E-41A4-496E-B92B-130999F2DD26}
	EndGlobalSection
EndGlobal
